# This file is generated by running "yarn install" inside your project.
# Manual changes might be lost - proceed with caution!

__metadata:
  version: 8
  cacheKey: 10c0

"@atproto/common-web@npm:^0.4.0":
  version: 0.4.0
  resolution: "@atproto/common-web@npm:0.4.0"
  dependencies:
    graphemer: "npm:^1.4.0"
    multiformats: "npm:^9.9.0"
    uint8arrays: "npm:3.0.0"
    zod: "npm:^3.23.8"
  checksum: 10c0/136c3d7ca600f73261f8ddeec5e0a542ac8affc1afc6c449612b3777f647bd67354c47d3746366f12a9bfefa51e438e661010d99b025b733bee6305898aa491a
  languageName: node
  linkType: hard

"@atproto/lex-cli@npm:^0.7.1":
  version: 0.7.1
  resolution: "@atproto/lex-cli@npm:0.7.1"
  dependencies:
    "@atproto/lexicon": "npm:^0.4.9"
    "@atproto/syntax": "npm:^0.4.0"
    chalk: "npm:^4.1.2"
    commander: "npm:^9.4.0"
    prettier: "npm:^3.2.5"
    ts-morph: "npm:^24.0.0"
    yesno: "npm:^0.4.0"
    zod: "npm:^3.23.8"
  bin:
    lex: dist/index.js
  checksum: 10c0/622c24eaa6014d018bcdcc8b4d03a87da36738ad8ef2b4971af4fa05d19b443868f6518c2ba6d9877414ffeaa055a5a3b6e000129401e6c559c83a9b7ec0ef43
  languageName: node
  linkType: hard

"@atproto/lexicon@npm:^0.4.9":
  version: 0.4.9
  resolution: "@atproto/lexicon@npm:0.4.9"
  dependencies:
    "@atproto/common-web": "npm:^0.4.0"
    "@atproto/syntax": "npm:^0.4.0"
    iso-datestring-validator: "npm:^2.2.2"
    multiformats: "npm:^9.9.0"
    zod: "npm:^3.23.8"
  checksum: 10c0/20b2d0e029d00b33fe31e486ea09276c730494379a041432dfdd1311df6ee24f247e5513f826fd9bdd4e4e45bcac7a17bb180efa1aa23fae9cfb685a99a90205
  languageName: node
  linkType: hard

"@atproto/syntax@npm:^0.4.0":
  version: 0.4.0
  resolution: "@atproto/syntax@npm:0.4.0"
  checksum: 10c0/a1d19bf7d5ea3b08380e8ca6b57db311db2bc7ec4733b88896578c950c57a86dc2f4b44ebcfd60d98eb44550f5c4ab36cc560618f19dc98ef61e849c945a3946
  languageName: node
  linkType: hard

"@biomejs/biome@npm:^1.9.4":
  version: 1.9.4
  resolution: "@biomejs/biome@npm:1.9.4"
  dependencies:
    "@biomejs/cli-darwin-arm64": "npm:1.9.4"
    "@biomejs/cli-darwin-x64": "npm:1.9.4"
    "@biomejs/cli-linux-arm64": "npm:1.9.4"
    "@biomejs/cli-linux-arm64-musl": "npm:1.9.4"
    "@biomejs/cli-linux-x64": "npm:1.9.4"
    "@biomejs/cli-linux-x64-musl": "npm:1.9.4"
    "@biomejs/cli-win32-arm64": "npm:1.9.4"
    "@biomejs/cli-win32-x64": "npm:1.9.4"
  dependenciesMeta:
    "@biomejs/cli-darwin-arm64":
      optional: true
    "@biomejs/cli-darwin-x64":
      optional: true
    "@biomejs/cli-linux-arm64":
      optional: true
    "@biomejs/cli-linux-arm64-musl":
      optional: true
    "@biomejs/cli-linux-x64":
      optional: true
    "@biomejs/cli-linux-x64-musl":
      optional: true
    "@biomejs/cli-win32-arm64":
      optional: true
    "@biomejs/cli-win32-x64":
      optional: true
  bin:
    biome: bin/biome
  checksum: 10c0/b5655c5aed9a6fffe24f7d04f15ba4444389d0e891c9ed9106fab7388ac9b4be63185852cc2a937b22940dac3e550b71032a4afd306925cfea436c33e5646b3e
  languageName: node
  linkType: hard

"@biomejs/cli-darwin-arm64@npm:1.9.4":
  version: 1.9.4
  resolution: "@biomejs/cli-darwin-arm64@npm:1.9.4"
  conditions: os=darwin & cpu=arm64
  languageName: node
  linkType: hard

"@biomejs/cli-darwin-x64@npm:1.9.4":
  version: 1.9.4
  resolution: "@biomejs/cli-darwin-x64@npm:1.9.4"
  conditions: os=darwin & cpu=x64
  languageName: node
  linkType: hard

"@biomejs/cli-linux-arm64-musl@npm:1.9.4":
  version: 1.9.4
  resolution: "@biomejs/cli-linux-arm64-musl@npm:1.9.4"
  conditions: os=linux & cpu=arm64 & libc=musl
  languageName: node
  linkType: hard

"@biomejs/cli-linux-arm64@npm:1.9.4":
  version: 1.9.4
  resolution: "@biomejs/cli-linux-arm64@npm:1.9.4"
  conditions: os=linux & cpu=arm64 & libc=glibc
  languageName: node
  linkType: hard

"@biomejs/cli-linux-x64-musl@npm:1.9.4":
  version: 1.9.4
  resolution: "@biomejs/cli-linux-x64-musl@npm:1.9.4"
  conditions: os=linux & cpu=x64 & libc=musl
  languageName: node
  linkType: hard

"@biomejs/cli-linux-x64@npm:1.9.4":
  version: 1.9.4
  resolution: "@biomejs/cli-linux-x64@npm:1.9.4"
  conditions: os=linux & cpu=x64 & libc=glibc
  languageName: node
  linkType: hard

"@biomejs/cli-win32-arm64@npm:1.9.4":
  version: 1.9.4
  resolution: "@biomejs/cli-win32-arm64@npm:1.9.4"
  conditions: os=win32 & cpu=arm64
  languageName: node
  linkType: hard

"@biomejs/cli-win32-x64@npm:1.9.4":
  version: 1.9.4
  resolution: "@biomejs/cli-win32-x64@npm:1.9.4"
  conditions: os=win32 & cpu=x64
  languageName: node
  linkType: hard

"@nosh/atmerchant@workspace:.":
  version: 0.0.0-use.local
  resolution: "@nosh/atmerchant@workspace:."
  dependencies:
    "@biomejs/biome": "npm:^1.9.4"
  languageName: unknown
  linkType: soft

"@ts-morph/common@npm:~0.25.0":
  version: 0.25.0
  resolution: "@ts-morph/common@npm:0.25.0"
  dependencies:
    minimatch: "npm:^9.0.4"
    path-browserify: "npm:^1.0.1"
    tinyglobby: "npm:^0.2.9"
  checksum: 10c0/c67e66db678e44886e9823e6482834acebfae0ea52ccbfa2af1ca9abfe5a9774dad6e852c8f480909bc196175f17e15454af71d7a41a1c137db09e74f046a830
  languageName: node
  linkType: hard

"ansi-styles@npm:^4.1.0":
  version: 4.3.0
  resolution: "ansi-styles@npm:4.3.0"
  dependencies:
    color-convert: "npm:^2.0.1"
  checksum: 10c0/895a23929da416f2bd3de7e9cb4eabd340949328ab85ddd6e484a637d8f6820d485f53933446f5291c3b760cbc488beb8e88573dd0f9c7daf83dccc8fe81b041
  languageName: node
  linkType: hard

"balanced-match@npm:^1.0.0":
  version: 1.0.2
  resolution: "balanced-match@npm:1.0.2"
  checksum: 10c0/9308baf0a7e4838a82bbfd11e01b1cb0f0cf2893bc1676c27c2a8c0e70cbae1c59120c3268517a8ae7fb6376b4639ef81ca22582611dbee4ed28df945134aaee
  languageName: node
  linkType: hard

"brace-expansion@npm:^2.0.1":
  version: 2.0.1
  resolution: "brace-expansion@npm:2.0.1"
  dependencies:
    balanced-match: "npm:^1.0.0"
  checksum: 10c0/b358f2fe060e2d7a87aa015979ecea07f3c37d4018f8d6deb5bd4c229ad3a0384fe6029bb76cd8be63c81e516ee52d1a0673edbe2023d53a5191732ae3c3e49f
  languageName: node
  linkType: hard

"chalk@npm:^4.1.2":
  version: 4.1.2
  resolution: "chalk@npm:4.1.2"
  dependencies:
    ansi-styles: "npm:^4.1.0"
    supports-color: "npm:^7.1.0"
  checksum: 10c0/4a3fef5cc34975c898ffe77141450f679721df9dde00f6c304353fa9c8b571929123b26a0e4617bde5018977eb655b31970c297b91b63ee83bb82aeb04666880
  languageName: node
  linkType: hard

"code-block-writer@npm:^13.0.3":
  version: 13.0.3
  resolution: "code-block-writer@npm:13.0.3"
  checksum: 10c0/87db97b37583f71cfd7eced8bf3f0a0a0ca53af912751a734372b36c08cd27f3e8a4878ec05591c0cd9ae11bea8add1423e132d660edd86aab952656dd41fd66
  languageName: node
  linkType: hard

"color-convert@npm:^2.0.1":
  version: 2.0.1
  resolution: "color-convert@npm:2.0.1"
  dependencies:
    color-name: "npm:~1.1.4"
  checksum: 10c0/37e1150172f2e311fe1b2df62c6293a342ee7380da7b9cfdba67ea539909afbd74da27033208d01d6d5cfc65ee7868a22e18d7e7648e004425441c0f8a15a7d7
  languageName: node
  linkType: hard

"color-name@npm:~1.1.4":
  version: 1.1.4
  resolution: "color-name@npm:1.1.4"
  checksum: 10c0/a1a3f914156960902f46f7f56bc62effc6c94e84b2cae157a526b1c1f74b677a47ec602bf68a61abfa2b42d15b7c5651c6dbe72a43af720bc588dff885b10f95
  languageName: node
  linkType: hard

"commander@npm:^9.4.0":
  version: 9.5.0
  resolution: "commander@npm:9.5.0"
  checksum: 10c0/5f7784fbda2aaec39e89eb46f06a999e00224b3763dc65976e05929ec486e174fe9aac2655f03ba6a5e83875bd173be5283dc19309b7c65954701c02025b3c1d
  languageName: node
  linkType: hard

"fdir@npm:^6.4.3":
  version: 6.4.3
  resolution: "fdir@npm:6.4.3"
  peerDependencies:
    picomatch: ^3 || ^4
  peerDependenciesMeta:
    picomatch:
      optional: true
  checksum: 10c0/d13c10120e9625adf21d8d80481586200759928c19405a816b77dd28eaeb80e7c59c5def3e2941508045eb06d34eb47fad865ccc8bf98e6ab988bb0ed160fb6f
  languageName: node
  linkType: hard

"graphemer@npm:^1.4.0":
  version: 1.4.0
  resolution: "graphemer@npm:1.4.0"
  checksum: 10c0/e951259d8cd2e0d196c72ec711add7115d42eb9a8146c8eeda5b8d3ac91e5dd816b9cd68920726d9fd4490368e7ed86e9c423f40db87e2d8dfafa00fa17c3a31
  languageName: node
  linkType: hard

"has-flag@npm:^4.0.0":
  version: 4.0.0
  resolution: "has-flag@npm:4.0.0"
  checksum: 10c0/2e789c61b7888d66993e14e8331449e525ef42aac53c627cc53d1c3334e768bcb6abdc4f5f0de1478a25beec6f0bd62c7549058b7ac53e924040d4f301f02fd1
  languageName: node
  linkType: hard

"iso-datestring-validator@npm:^2.2.2":
  version: 2.2.2
  resolution: "iso-datestring-validator@npm:2.2.2"
  checksum: 10c0/34f05a6ac62f311feda19328c033d94a2a52789d07b9863fec304ed11f69f8bba7922dc6fef5b88a53bd722ddfd9446a2433cb29459885549f69af16672b6f74
  languageName: node
  linkType: hard

"lexicon@workspace:packages/lexicon":
  version: 0.0.0-use.local
  resolution: "lexicon@workspace:packages/lexicon"
  dependencies:
    "@atproto/lex-cli": "npm:^0.7.1"
  languageName: unknown
  linkType: soft

"minimatch@npm:^9.0.4":
  version: 9.0.5
  resolution: "minimatch@npm:9.0.5"
  dependencies:
    brace-expansion: "npm:^2.0.1"
  checksum: 10c0/de96cf5e35bdf0eab3e2c853522f98ffbe9a36c37797778d2665231ec1f20a9447a7e567cb640901f89e4daaa95ae5d70c65a9e8aa2bb0019b6facbc3c0575ed
  languageName: node
  linkType: hard

"multiformats@npm:^9.4.2, multiformats@npm:^9.9.0":
  version: 9.9.0
  resolution: "multiformats@npm:9.9.0"
  checksum: 10c0/1fdb34fd2fb085142665e8bd402570659b50a5fae5994027e1df3add9e1ce1283ed1e0c2584a5c63ac0a58e871b8ee9665c4a99ca36ce71032617449d48aa975
  languageName: node
  linkType: hard

"path-browserify@npm:^1.0.1":
  version: 1.0.1
  resolution: "path-browserify@npm:1.0.1"
  checksum: 10c0/8b8c3fd5c66bd340272180590ae4ff139769e9ab79522e2eb82e3d571a89b8117c04147f65ad066dccfb42fcad902e5b7d794b3d35e0fd840491a8ddbedf8c66
  languageName: node
  linkType: hard

"picomatch@npm:^4.0.2":
  version: 4.0.2
  resolution: "picomatch@npm:4.0.2"
  checksum: 10c0/7c51f3ad2bb42c776f49ebf964c644958158be30d0a510efd5a395e8d49cb5acfed5b82c0c5b365523ce18e6ab85013c9ebe574f60305892ec3fa8eee8304ccc
  languageName: node
  linkType: hard

"prettier@npm:^3.2.5":
  version: 3.5.3
  resolution: "prettier@npm:3.5.3"
  bin:
    prettier: bin/prettier.cjs
  checksum: 10c0/3880cb90b9dc0635819ab52ff571518c35bd7f15a6e80a2054c05dbc8a3aa6e74f135519e91197de63705bcb38388ded7e7230e2178432a1468005406238b877
  languageName: node
  linkType: hard

"supports-color@npm:^7.1.0":
  version: 7.2.0
  resolution: "supports-color@npm:7.2.0"
  dependencies:
    has-flag: "npm:^4.0.0"
  checksum: 10c0/afb4c88521b8b136b5f5f95160c98dee7243dc79d5432db7efc27efb219385bbc7d9427398e43dd6cc730a0f87d5085ce1652af7efbe391327bc0a7d0f7fc124
  languageName: node
  linkType: hard

"tinyglobby@npm:^0.2.9":
  version: 0.2.12
  resolution: "tinyglobby@npm:0.2.12"
  dependencies:
    fdir: "npm:^6.4.3"
    picomatch: "npm:^4.0.2"
  checksum: 10c0/7c9be4fd3625630e262dcb19015302aad3b4ba7fc620f269313e688f2161ea8724d6cb4444baab5ef2826eb6bed72647b169a33ec8eea37501832a2526ff540f
  languageName: node
  linkType: hard

"ts-morph@npm:^24.0.0":
  version: 24.0.0
  resolution: "ts-morph@npm:24.0.0"
  dependencies:
    "@ts-morph/common": "npm:~0.25.0"
    code-block-writer: "npm:^13.0.3"
  checksum: 10c0/2a0813ba428a154966d4038901f6c32457a60870936b23778f2629433257f87d1881fc4ecae7b791a223a88c2edf96aaac9fb0f88bf34d3c652af8c09c4f43bc
  languageName: node
  linkType: hard

"uint8arrays@npm:3.0.0":
  version: 3.0.0
  resolution: "uint8arrays@npm:3.0.0"
  dependencies:
    multiformats: "npm:^9.4.2"
  checksum: 10c0/19efb7d2ba20ec2550d1ca5b453c01ad62e70098e6454d0a446b12991fa5f3286f8ee979e5cec020fac6b4cbbaad4597024dcc8b2c69365af95443cce1323e34
  languageName: node
  linkType: hard

"yesno@npm:^0.4.0":
  version: 0.4.0
  resolution: "yesno@npm:0.4.0"
  checksum: 10c0/fd193d926747ff584359badec38fc7221835427e2292826d7864f34fb4aa56af49c7d0490a39ba00c1af067ba11be27e19d5ff55b30eb4b4a2508d8dee2afa46
  languageName: node
  linkType: hard

"zod@npm:^3.23.8":
  version: 3.24.2
  resolution: "zod@npm:3.24.2"
  checksum: 10c0/c638c7220150847f13ad90635b3e7d0321b36cce36f3fc6050ed960689594c949c326dfe2c6fa87c14b126ee5d370ccdebd6efb304f41ef5557a4aaca2824565
  languageName: node
  linkType: hard
